
Microsoft Visual Studio Solution File, Format Version 12.00
# Visual Studio Version 16
VisualStudioVersion = 16.0.28803.156
MinimumVisualStudioVersion = 10.0.40219.1
Project("{FAE04EC0-301F-11D3-BF4B-00C04F79EFBC}") = "Алгоритм Куна", "Алгоритм Куна\Алгоритм Куна.csproj", "{068494BB-E911-4A24-94DF-F54063786571}"
EndProject
Global
	GlobalSection(SolutionConfigurationPlatforms) = preSolution
		Debug|Any CPU = Debug|Any CPU
		Release|Any CPU = Release|Any CPU
	EndGlobalSection
	GlobalSection(ProjectConfigurationPlatforms) = postSolution
		{068494BB-E911-4A24-94DF-F54063786571}.Debug|Any CPU.ActiveCfg = Debug|Any CPU
		{068494BB-E911-4A24-94DF-F54063786571}.Debug|Any CPU.Build.0 = Debug|Any CPU
		{068494BB-E911-4A24-94DF-F54063786571}.Release|Any CPU.ActiveCfg = Release|Any CPU
		{068494BB-E911-4A24-94DF-F54063786571}.Release|Any CPU.Build.0 = Release|Any CPU
	EndGlobalSection
	GlobalSection(SolutionProperties) = preSolution
		HideSolutionNode = FALSE
	EndGlobalSection
	GlobalSection(ExtensibilityGlobals) = postSolution
		SolutionGuid = {3FB2BFCA-6CA7-42CA-9E50-EC104CDFE193}
	EndGlobalSection
EndGlobal
